
Microsoft Visual Studio Solution File, Format Version 12.00
# Visual Studio Version 17
VisualStudioVersion = 17.14.36518.9
MinimumVisualStudioVersion = 10.0.40219.1
Project("{FAE04EC0-301F-11D3-BF4B-00C04F79EFBC}") = "GymManagementPL", "GymManagementPL\GymManagementPL.csproj", "{F3D3DE26-5677-41ED-814A-29959787860D}"
EndProject
Project("{FAE04EC0-301F-11D3-BF4B-00C04F79EFBC}") = "GymManagementDAL", "GmuManagementDAL\GymManagementDAL.csproj", "{B317A4B1-FFEA-4F2E-B08B-782772A51512}"
EndProject
Project("{FAE04EC0-301F-11D3-BF4B-00C04F79EFBC}") = "GymManagementBLL", "GymManagementBLL\GymManagementBLL.csproj", "{9DA2C463-6B1B-4381-B66B-CCEC0A465D24}"
EndProject
Global
	GlobalSection(SolutionConfigurationPlatforms) = preSolution
		Debug|Any CPU = Debug|Any CPU
		Release|Any CPU = Release|Any CPU
	EndGlobalSection
	GlobalSection(ProjectConfigurationPlatforms) = postSolution
		{F3D3DE26-5677-41ED-814A-29959787860D}.Debug|Any CPU.ActiveCfg = Debug|Any CPU
		{F3D3DE26-5677-41ED-814A-29959787860D}.Debug|Any CPU.Build.0 = Debug|Any CPU
		{F3D3DE26-5677-41ED-814A-29959787860D}.Release|Any CPU.ActiveCfg = Release|Any CPU
		{F3D3DE26-5677-41ED-814A-29959787860D}.Release|Any CPU.Build.0 = Release|Any CPU
		{B317A4B1-FFEA-4F2E-B08B-782772A51512}.Debug|Any CPU.ActiveCfg = Debug|Any CPU
		{B317A4B1-FFEA-4F2E-B08B-782772A51512}.Debug|Any CPU.Build.0 = Debug|Any CPU
		{B317A4B1-FFEA-4F2E-B08B-782772A51512}.Release|Any CPU.ActiveCfg = Release|Any CPU
		{B317A4B1-FFEA-4F2E-B08B-782772A51512}.Release|Any CPU.Build.0 = Release|Any CPU
		{9DA2C463-6B1B-4381-B66B-CCEC0A465D24}.Debug|Any CPU.ActiveCfg = Debug|Any CPU
		{9DA2C463-6B1B-4381-B66B-CCEC0A465D24}.Debug|Any CPU.Build.0 = Debug|Any CPU
		{9DA2C463-6B1B-4381-B66B-CCEC0A465D24}.Release|Any CPU.ActiveCfg = Release|Any CPU
		{9DA2C463-6B1B-4381-B66B-CCEC0A465D24}.Release|Any CPU.Build.0 = Release|Any CPU
	EndGlobalSection
	GlobalSection(SolutionProperties) = preSolution
		HideSolutionNode = FALSE
	EndGlobalSection
	GlobalSection(ExtensibilityGlobals) = postSolution
		SolutionGuid = {0F04A583-9FB1-48E4-9D89-74F29F623512}
	EndGlobalSection
EndGlobal
